
Microsoft Visual Studio Solution File, Format Version 12.00
# Visual Studio Version 17
VisualStudioVersion = 17.5.33414.496
MinimumVisualStudioVersion = 10.0.40219.1
Project("{2150E333-8FDC-42A3-9474-1A3956D46DE8}") = "API", "API", "{58C263A0-2467-4E24-8A86-96EE6337D4F1}"
EndProject
Project("{2150E333-8FDC-42A3-9474-1A3956D46DE8}") = "Application", "Application", "{D5E60D50-1AAE-4C0D-BAE2-9D3E0D21830E}"
EndProject
Project("{2150E333-8FDC-42A3-9474-1A3956D46DE8}") = "Data", "Data", "{61C0F44E-C483-4826-B7B4-485C55E69B1C}"
EndProject
Project("{2150E333-8FDC-42A3-9474-1A3956D46DE8}") = "Domain", "Domain", "{F23BC921-F372-4945-B310-374D42FF3DA4}"
EndProject
Project("{2150E333-8FDC-42A3-9474-1A3956D46DE8}") = "InMemoryCaching", "InMemoryCaching", "{9F8D6625-885A-44D8-AA0D-E161C9354EF2}"
EndProject
Project("{9A19103F-16F7-4668-BE54-9A1E7A4F7556}") = "InMemoryCache.API", "InMemoryCaching\API\InMemoryCache.API\InMemoryCache.API.csproj", "{79046F99-CA81-41EA-86EC-CFEDFA9EF9AE}"
EndProject
Project("{FAE04EC0-301F-11D3-BF4B-00C04F79EFBC}") = "InMemoryCaching.Services", "InMemoryCaching\Application\InMemoryCaching.Services\InMemoryCaching.Services.csproj", "{FA25FA5E-6BF8-4A11-958D-8D4FB2F016B6}"
EndProject
Project("{FAE04EC0-301F-11D3-BF4B-00C04F79EFBC}") = "InMemoryCaching.Repositories", "InMemoryCaching\Data\InMemoryCaching.Repositories\InMemoryCaching.Repositories.csproj", "{2EA706B1-40FE-40B6-A388-B8DE96F35B99}"
EndProject
Project("{FAE04EC0-301F-11D3-BF4B-00C04F79EFBC}") = "InMemoryCaching.Domain", "InMemoryCaching\Domain\InMemoryCaching.Domain\InMemoryCaching.Domain.csproj", "{79C54346-E184-46CB-825A-5800366A19C3}"
EndProject
Project("{2150E333-8FDC-42A3-9474-1A3956D46DE8}") = "IOC", "IOC", "{7D8FA770-2FB5-46C0-AE41-1B84099C83F2}"
EndProject
Project("{FAE04EC0-301F-11D3-BF4B-00C04F79EFBC}") = "InMemoryCaching.IOC", "InMemoryCaching\IOC\InMemoryCaching.IOC\InMemoryCaching.IOC.csproj", "{D76DAA16-1919-42AD-8672-B400CDBDFE7B}"
EndProject
Project("{2150E333-8FDC-42A3-9474-1A3956D46DE8}") = "Tests", "Tests", "{14130A1A-2DFE-4184-ABD9-56469E294F9E}"
EndProject
Project("{FAE04EC0-301F-11D3-BF4B-00C04F79EFBC}") = "InMemoryCaching.Tests", "InMemoryCaching\Tests\InMemoryCaching.Tests\InMemoryCaching.Tests.csproj", "{CCDC7FC2-93B3-4B10-A105-EBC335543A90}"
EndProject
Global
	GlobalSection(SolutionConfigurationPlatforms) = preSolution
		Debug|Any CPU = Debug|Any CPU
		Release|Any CPU = Release|Any CPU
	EndGlobalSection
	GlobalSection(ProjectConfigurationPlatforms) = postSolution
		{79046F99-CA81-41EA-86EC-CFEDFA9EF9AE}.Debug|Any CPU.ActiveCfg = Debug|Any CPU
		{79046F99-CA81-41EA-86EC-CFEDFA9EF9AE}.Debug|Any CPU.Build.0 = Debug|Any CPU
		{79046F99-CA81-41EA-86EC-CFEDFA9EF9AE}.Release|Any CPU.ActiveCfg = Release|Any CPU
		{79046F99-CA81-41EA-86EC-CFEDFA9EF9AE}.Release|Any CPU.Build.0 = Release|Any CPU
		{FA25FA5E-6BF8-4A11-958D-8D4FB2F016B6}.Debug|Any CPU.ActiveCfg = Debug|Any CPU
		{FA25FA5E-6BF8-4A11-958D-8D4FB2F016B6}.Debug|Any CPU.Build.0 = Debug|Any CPU
		{FA25FA5E-6BF8-4A11-958D-8D4FB2F016B6}.Release|Any CPU.ActiveCfg = Release|Any CPU
		{FA25FA5E-6BF8-4A11-958D-8D4FB2F016B6}.Release|Any CPU.Build.0 = Release|Any CPU
		{2EA706B1-40FE-40B6-A388-B8DE96F35B99}.Debug|Any CPU.ActiveCfg = Debug|Any CPU
		{2EA706B1-40FE-40B6-A388-B8DE96F35B99}.Debug|Any CPU.Build.0 = Debug|Any CPU
		{2EA706B1-40FE-40B6-A388-B8DE96F35B99}.Release|Any CPU.ActiveCfg = Release|Any CPU
		{2EA706B1-40FE-40B6-A388-B8DE96F35B99}.Release|Any CPU.Build.0 = Release|Any CPU
		{79C54346-E184-46CB-825A-5800366A19C3}.Debug|Any CPU.ActiveCfg = Debug|Any CPU
		{79C54346-E184-46CB-825A-5800366A19C3}.Debug|Any CPU.Build.0 = Debug|Any CPU
		{79C54346-E184-46CB-825A-5800366A19C3}.Release|Any CPU.ActiveCfg = Release|Any CPU
		{79C54346-E184-46CB-825A-5800366A19C3}.Release|Any CPU.Build.0 = Release|Any CPU
		{D76DAA16-1919-42AD-8672-B400CDBDFE7B}.Debug|Any CPU.ActiveCfg = Debug|Any CPU
		{D76DAA16-1919-42AD-8672-B400CDBDFE7B}.Debug|Any CPU.Build.0 = Debug|Any CPU
		{D76DAA16-1919-42AD-8672-B400CDBDFE7B}.Release|Any CPU.ActiveCfg = Release|Any CPU
		{D76DAA16-1919-42AD-8672-B400CDBDFE7B}.Release|Any CPU.Build.0 = Release|Any CPU
		{CCDC7FC2-93B3-4B10-A105-EBC335543A90}.Debug|Any CPU.ActiveCfg = Debug|Any CPU
		{CCDC7FC2-93B3-4B10-A105-EBC335543A90}.Debug|Any CPU.Build.0 = Debug|Any CPU
		{CCDC7FC2-93B3-4B10-A105-EBC335543A90}.Release|Any CPU.ActiveCfg = Release|Any CPU
		{CCDC7FC2-93B3-4B10-A105-EBC335543A90}.Release|Any CPU.Build.0 = Release|Any CPU
	EndGlobalSection
	GlobalSection(SolutionProperties) = preSolution
		HideSolutionNode = FALSE
	EndGlobalSection
	GlobalSection(NestedProjects) = preSolution
		{58C263A0-2467-4E24-8A86-96EE6337D4F1} = {9F8D6625-885A-44D8-AA0D-E161C9354EF2}
		{D5E60D50-1AAE-4C0D-BAE2-9D3E0D21830E} = {9F8D6625-885A-44D8-AA0D-E161C9354EF2}
		{61C0F44E-C483-4826-B7B4-485C55E69B1C} = {9F8D6625-885A-44D8-AA0D-E161C9354EF2}
		{F23BC921-F372-4945-B310-374D42FF3DA4} = {9F8D6625-885A-44D8-AA0D-E161C9354EF2}
		{79046F99-CA81-41EA-86EC-CFEDFA9EF9AE} = {58C263A0-2467-4E24-8A86-96EE6337D4F1}
		{FA25FA5E-6BF8-4A11-958D-8D4FB2F016B6} = {D5E60D50-1AAE-4C0D-BAE2-9D3E0D21830E}
		{2EA706B1-40FE-40B6-A388-B8DE96F35B99} = {61C0F44E-C483-4826-B7B4-485C55E69B1C}
		{79C54346-E184-46CB-825A-5800366A19C3} = {F23BC921-F372-4945-B310-374D42FF3DA4}
		{7D8FA770-2FB5-46C0-AE41-1B84099C83F2} = {9F8D6625-885A-44D8-AA0D-E161C9354EF2}
		{D76DAA16-1919-42AD-8672-B400CDBDFE7B} = {7D8FA770-2FB5-46C0-AE41-1B84099C83F2}
		{14130A1A-2DFE-4184-ABD9-56469E294F9E} = {9F8D6625-885A-44D8-AA0D-E161C9354EF2}
		{CCDC7FC2-93B3-4B10-A105-EBC335543A90} = {14130A1A-2DFE-4184-ABD9-56469E294F9E}
	EndGlobalSection
	GlobalSection(ExtensibilityGlobals) = postSolution
		SolutionGuid = {B57FB2AD-2AD2-4A6F-B33B-C8A43BA22D4B}
	EndGlobalSection
EndGlobal
